// !$*UTF8*$!
{
	archiveVersion = 1;
	classes = {
	};
	objectVersion = 77;
	objects = {

/* Begin PBXBuildFile section */
		B34BF6A52E56CD4000D23C40 /* Auth in Frameworks */ = {isa = PBXBuildFile; productRef = B34BF6A42E56CD4000D23C40 /* Auth */; };
		B34BF6A72E56CD4000D23C40 /* Functions in Frameworks */ = {isa = PBXBuildFile; productRef = B34BF6A62E56CD4000D23C40 /* Functions */; };
		B34BF6A92E56CD4000D23C40 /* PostgREST in Frameworks */ = {isa = PBXBuildFile; productRef = B34BF6A82E56CD4000D23C40 /* PostgREST */; };
		B34BF6AB2E56CD4000D23C40 /* Realtime in Frameworks */ = {isa = PBXBuildFile; productRef = B34BF6AA2E56CD4000D23C40 /* Realtime */; };
		B34BF6AD2E56CD4000D23C40 /* Storage in Frameworks */ = {isa = PBXBuildFile; productRef = B34BF6AC2E56CD4000D23C40 /* Storage */; };
		B34BF6AF2E56CD4000D23C40 /* Supabase in Frameworks */ = {isa = PBXBuildFile; productRef = B34BF6AE2E56CD4000D23C40 /* Supabase */; };
/* End PBXBuildFile section */

/* Begin PBXContainerItemProxy section */
		B350B7372E45D78C009A6C78 /* PBXContainerItemProxy */ = {
			isa = PBXContainerItemProxy;
			containerPortal = B350B71A2E45D78B009A6C78 /* Project object */;
			proxyType = 1;
			remoteGlobalIDString = B350B7212E45D78B009A6C78;
			remoteInfo = DayStart;
		};
		B350B7412E45D78C009A6C78 /* PBXContainerItemProxy */ = {
			isa = PBXContainerItemProxy;
			containerPortal = B350B71A2E45D78B009A6C78 /* Project object */;
			proxyType = 1;
			remoteGlobalIDString = B350B7212E45D78B009A6C78;
			remoteInfo = DayStart;
		};
/* End PBXContainerItemProxy section */

/* Begin PBXFileReference section */
		B350B7222E45D78B009A6C78 /* DayStart.app */ = {isa = PBXFileReference; explicitFileType = wrapper.application; includeInIndex = 0; path = DayStart.app; sourceTree = BUILT_PRODUCTS_DIR; };
		B350B7362E45D78C009A6C78 /* DayStartTests.xctest */ = {isa = PBXFileReference; explicitFileType = wrapper.cfbundle; includeInIndex = 0; path = DayStartTests.xctest; sourceTree = BUILT_PRODUCTS_DIR; };
		B350B7402E45D78C009A6C78 /* DayStartUITests.xctest */ = {isa = PBXFileReference; explicitFileType = wrapper.cfbundle; includeInIndex = 0; path = DayStartUITests.xctest; sourceTree = BUILT_PRODUCTS_DIR; };
/* End PBXFileReference section */

/* Begin PBXFileSystemSynchronizedRootGroup section */
		B350B7242E45D78B009A6C78 /* DayStart */ = {
			isa = PBXFileSystemSynchronizedRootGroup;
			path = DayStart;
			sourceTree = "<group>";
		};
		B350B7392E45D78C009A6C78 /* DayStartTests */ = {
			isa = PBXFileSystemSynchronizedRootGroup;
			path = DayStartTests;
			sourceTree = "<group>";
		};
		B350B7432E45D78C009A6C78 /* DayStartUITests */ = {
			isa = PBXFileSystemSynchronizedRootGroup;
			path = DayStartUITests;
			sourceTree = "<group>";
		};
/* End PBXFileSystemSynchronizedRootGroup section */

/* Begin PBXFrameworksBuildPhase section */
		B350B71F2E45D78B009A6C78 /* Frameworks */ = {
			isa = PBXFrameworksBuildPhase;
			buildActionMask = 2147483647;
			files = (
				B34BF6A92E56CD4000D23C40 /* PostgREST in Frameworks */,
				B34BF6A72E56CD4000D23C40 /* Functions in Frameworks */,
				B34BF6AF2E56CD4000D23C40 /* Supabase in Frameworks */,
				B34BF6A52E56CD4000D23C40 /* Auth in Frameworks */,
				B34BF6AD2E56CD4000D23C40 /* Storage in Frameworks */,
				B34BF6AB2E56CD4000D23C40 /* Realtime in Frameworks */,
			);
			runOnlyForDeploymentPostprocessing = 0;
		};
		B350B7332E45D78C009A6C78 /* Frameworks */ = {
			isa = PBXFrameworksBuildPhase;
			buildActionMask = 2147483647;
			files = (
			);
			runOnlyForDeploymentPostprocessing = 0;
		};
		B350B73D2E45D78C009A6C78 /* Frameworks */ = {
			isa = PBXFrameworksBuildPhase;
			buildActionMask = 2147483647;
			files = (
			);
			runOnlyForDeploymentPostprocessing = 0;
		};
/* End PBXFrameworksBuildPhase section */

/* Begin PBXGroup section */
		B350B7192E45D78B009A6C78 = {
			isa = PBXGroup;
			children = (
				B350B7242E45D78B009A6C78 /* DayStart */,
				B350B7392E45D78C009A6C78 /* DayStartTests */,
				B350B7432E45D78C009A6C78 /* DayStartUITests */,
				B350B7232E45D78B009A6C78 /* Products */,
			);
			sourceTree = "<group>";
		};
		B350B7232E45D78B009A6C78 /* Products */ = {
			isa = PBXGroup;
			children = (
				B350B7222E45D78B009A6C78 /* DayStart.app */,
				B350B7362E45D78C009A6C78 /* DayStartTests.xctest */,
				B350B7402E45D78C009A6C78 /* DayStartUITests.xctest */,
			);
			name = Products;
			sourceTree = "<group>";
		};
/* End PBXGroup section */

/* Begin PBXNativeTarget section */
		B350B7212E45D78B009A6C78 /* DayStart */ = {
			isa = PBXNativeTarget;
			buildConfigurationList = B350B7492E45D78C009A6C78 /* Build configuration list for PBXNativeTarget "DayStart" */;
			buildPhases = (
				B350B71E2E45D78B009A6C78 /* Sources */,
				B350B71F2E45D78B009A6C78 /* Frameworks */,
				B350B7202E45D78B009A6C78 /* Resources */,
			);
			buildRules = (
			);
			dependencies = (
			);
			fileSystemSynchronizedGroups = (
				B350B7242E45D78B009A6C78 /* DayStart */,
			);
			name = DayStart;
			packageProductDependencies = (
				B34BF6A42E56CD4000D23C40 /* Auth */,
				B34BF6A62E56CD4000D23C40 /* Functions */,
				B34BF6A82E56CD4000D23C40 /* PostgREST */,
				B34BF6AA2E56CD4000D23C40 /* Realtime */,
				B34BF6AC2E56CD4000D23C40 /* Storage */,
				B34BF6AE2E56CD4000D23C40 /* Supabase */,
			);
			productName = DayStart;
			productReference = B350B7222E45D78B009A6C78 /* DayStart.app */;
			productType = "com.apple.product-type.application";
		};
		B350B7352E45D78C009A6C78 /* DayStartTests */ = {
			isa = PBXNativeTarget;
			buildConfigurationList = B350B74E2E45D78C009A6C78 /* Build configuration list for PBXNativeTarget "DayStartTests" */;
			buildPhases = (
				B350B7322E45D78C009A6C78 /* Sources */,
				B350B7332E45D78C009A6C78 /* Frameworks */,
				B350B7342E45D78C009A6C78 /* Resources */,
			);
			buildRules = (
			);
			dependencies = (
				B350B7382E45D78C009A6C78 /* PBXTargetDependency */,
			);
			fileSystemSynchronizedGroups = (
				B350B7392E45D78C009A6C78 /* DayStartTests */,
			);
			name = DayStartTests;
			packageProductDependencies = (
			);
			productName = DayStartTests;
			productReference = B350B7362E45D78C009A6C78 /* DayStartTests.xctest */;
			productType = "com.apple.product-type.bundle.unit-test";
		};
		B350B73F2E45D78C009A6C78 /* DayStartUITests */ = {
			isa = PBXNativeTarget;
			buildConfigurationList = B350B7512E45D78C009A6C78 /* Build configuration list for PBXNativeTarget "DayStartUITests" */;
			buildPhases = (
				B350B73C2E45D78C009A6C78 /* Sources */,
				B350B73D2E45D78C009A6C78 /* Frameworks */,
				B350B73E2E45D78C009A6C78 /* Resources */,
			);
			buildRules = (
			);
			dependencies = (
				B350B7422E45D78C009A6C78 /* PBXTargetDependency */,
			);
			fileSystemSynchronizedGroups = (
				B350B7432E45D78C009A6C78 /* DayStartUITests */,
			);
			name = DayStartUITests;
			packageProductDependencies = (
			);
			productName = DayStartUITests;
			productReference = B350B7402E45D78C009A6C78 /* DayStartUITests.xctest */;
			productType = "com.apple.product-type.bundle.ui-testing";
		};
/* End PBXNativeTarget section */

/* Begin PBXProject section */
		B350B71A2E45D78B009A6C78 /* Project object */ = {
			isa = PBXProject;
			attributes = {
				BuildIndependentTargetsInParallel = 1;
				LastSwiftUpdateCheck = 2600;
				LastUpgradeCheck = 2600;
				TargetAttributes = {
					B350B7212E45D78B009A6C78 = {
						CreatedOnToolsVersion = 26.0;
					};
					B350B7352E45D78C009A6C78 = {
						CreatedOnToolsVersion = 26.0;
						TestTargetID = B350B7212E45D78B009A6C78;
					};
					B350B73F2E45D78C009A6C78 = {
						CreatedOnToolsVersion = 26.0;
						TestTargetID = B350B7212E45D78B009A6C78;
					};
				};
			};
			buildConfigurationList = B350B71D2E45D78B009A6C78 /* Build configuration list for PBXProject "DayStart" */;
			developmentRegion = en;
			hasScannedForEncodings = 0;
			knownRegions = (
				en,
				Base,
			);
			mainGroup = B350B7192E45D78B009A6C78;
			minimizedProjectReferenceProxies = 1;
			packageReferences = (
				B34BF6A32E56CD4000D23C40 /* XCRemoteSwiftPackageReference "supabase-swift" */,
			);
			preferredProjectObjectVersion = 77;
			productRefGroup = B350B7232E45D78B009A6C78 /* Products */;
			projectDirPath = "";
			projectRoot = "";
			targets = (
				B350B7212E45D78B009A6C78 /* DayStart */,
				B350B7352E45D78C009A6C78 /* DayStartTests */,
				B350B73F2E45D78C009A6C78 /* DayStartUITests */,
			);
		};
/* End PBXProject section */

/* Begin PBXResourcesBuildPhase section */
		B350B7202E45D78B009A6C78 /* Resources */ = {
			isa = PBXResourcesBuildPhase;
			buildActionMask = 2147483647;
			files = (
			);
			runOnlyForDeploymentPostprocessing = 0;
		};
		B350B7342E45D78C009A6C78 /* Resources */ = {
			isa = PBXResourcesBuildPhase;
			buildActionMask = 2147483647;
			files = (
			);
			runOnlyForDeploymentPostprocessing = 0;
		};
		B350B73E2E45D78C009A6C78 /* Resources */ = {
			isa = PBXResourcesBuildPhase;
			buildActionMask = 2147483647;
			files = (
			);
			runOnlyForDeploymentPostprocessing = 0;
		};
/* End PBXResourcesBuildPhase section */

/* Begin PBXSourcesBuildPhase section */
		B350B71E2E45D78B009A6C78 /* Sources */ = {
			isa = PBXSourcesBuildPhase;
			buildActionMask = 2147483647;
			files = (
			);
			runOnlyForDeploymentPostprocessing = 0;
		};
		B350B7322E45D78C009A6C78 /* Sources */ = {
			isa = PBXSourcesBuildPhase;
			buildActionMask = 2147483647;
			files = (
			);
			runOnlyForDeploymentPostprocessing = 0;
		};
		B350B73C2E45D78C009A6C78 /* Sources */ = {
			isa = PBXSourcesBuildPhase;
			buildActionMask = 2147483647;
			files = (
			);
			runOnlyForDeploymentPostprocessing = 0;
		};
/* End PBXSourcesBuildPhase section */

/* Begin PBXTargetDependency section */
		B350B7382E45D78C009A6C78 /* PBXTargetDependency */ = {
			isa = PBXTargetDependency;
			target = B350B7212E45D78B009A6C78 /* DayStart */;
			targetProxy = B350B7372E45D78C009A6C78 /* PBXContainerItemProxy */;
		};
		B350B7422E45D78C009A6C78 /* PBXTargetDependency */ = {
			isa = PBXTargetDependency;
			target = B350B7212E45D78B009A6C78 /* DayStart */;
			targetProxy = B350B7412E45D78C009A6C78 /* PBXContainerItemProxy */;
		};
/* End PBXTargetDependency section */

/* Begin XCBuildConfiguration section */
		B350B74A2E45D78C009A6C78 /* Debug */ = {
			isa = XCBuildConfiguration;
			buildSettings = {
				ASSETCATALOG_COMPILER_APPICON_NAME = AppIcon;
				ASSETCATALOG_COMPILER_GLOBAL_ACCENT_COLOR_NAME = AccentColor;
				CODE_SIGN_ENTITLEMENTS = DayStart/DayStartDebug.entitlements;
				CODE_SIGN_STYLE = Automatic;
				CURRENT_PROJECT_VERSION = 10;
				DEVELOPMENT_TEAM = LSMXA794RP;
				ENABLE_PREVIEWS = YES;
				EXCLUDED_SOURCE_FILE_NAMES = Info.plist;
				GENERATE_INFOPLIST_FILE = NO;
				INFOPLIST_FILE = DayStart/Info.plist;
				INFOPLIST_KEY_CFBundleDisplayName = DayStart;
				INFOPLIST_KEY_LSApplicationCategoryType = "public.app-category.lifestyle";
				INFOPLIST_KEY_UIApplicationSceneManifest_Generation = YES;
				INFOPLIST_KEY_UIApplicationSupportsIndirectInputEvents = YES;
				INFOPLIST_KEY_UILaunchScreen_Generation = YES;
				INFOPLIST_KEY_UISupportedInterfaceOrientations = UIInterfaceOrientationPortrait;
				LD_RUNPATH_SEARCH_PATHS = (
					"$(inherited)",
					"@executable_path/Frameworks",
				);
				MARKETING_VERSION = 2025.09.4;
				PRODUCT_BUNDLE_IDENTIFIER = ai.bananaintelligence.DayStart;
				PRODUCT_NAME = "$(TARGET_NAME)";
				STRING_CATALOG_GENERATE_SYMBOLS = YES;
				SUPPORTED_PLATFORMS = "iphoneos iphonesimulator";
				SUPPORTS_MACCATALYST = NO;
				SUPPORTS_MAC_DESIGNED_FOR_IPHONE_IPAD = NO;
				SUPPORTS_XR_DESIGNED_FOR_IPHONE_IPAD = NO;
				SWIFT_EMIT_LOC_STRINGS = YES;
				SWIFT_UPCOMING_FEATURE_MEMBER_IMPORT_VISIBILITY = YES;
				SWIFT_VERSION = 5.0;
				TARGETED_DEVICE_FAMILY = 1;
			};
			name = Debug;
		};
		B350B74B2E45D78C009A6C78 /* Release */ = {
			isa = XCBuildConfiguration;
			buildSettings = {
				ASSETCATALOG_COMPILER_APPICON_NAME = AppIcon;
				ASSETCATALOG_COMPILER_GLOBAL_ACCENT_COLOR_NAME = AccentColor;
				CODE_SIGN_ENTITLEMENTS = DayStart/DayStart.entitlements;
				CODE_SIGN_STYLE = Automatic;
				CURRENT_PROJECT_VERSION = 10;
				DEVELOPMENT_TEAM = LSMXA794RP;
				ENABLE_PREVIEWS = YES;
				EXCLUDED_SOURCE_FILE_NAMES = Info.plist;
				GENERATE_INFOPLIST_FILE = NO;
				INFOPLIST_FILE = DayStart/Info.plist;
				INFOPLIST_KEY_CFBundleDisplayName = DayStart;
				INFOPLIST_KEY_LSApplicationCategoryType = "public.app-category.lifestyle";
				INFOPLIST_KEY_UIApplicationSceneManifest_Generation = YES;
				INFOPLIST_KEY_UIApplicationSupportsIndirectInputEvents = YES;
				INFOPLIST_KEY_UILaunchScreen_Generation = YES;
				INFOPLIST_KEY_UISupportedInterfaceOrientations = UIInterfaceOrientationPortrait;
				LD_RUNPATH_SEARCH_PATHS = (
					"$(inherited)",
					"@executable_path/Frameworks",
				);
				MARKETING_VERSION = 2025.09.4;
				PRODUCT_BUNDLE_IDENTIFIER = ai.bananaintelligence.DayStart;
				PRODUCT_NAME = "$(TARGET_NAME)";
				STRING_CATALOG_GENERATE_SYMBOLS = YES;
				SUPPORTED_PLATFORMS = "iphoneos iphonesimulator";
				SUPPORTS_MACCATALYST = NO;
				SUPPORTS_MAC_DESIGNED_FOR_IPHONE_IPAD = NO;
				SUPPORTS_XR_DESIGNED_FOR_IPHONE_IPAD = NO;
				SWIFT_EMIT_LOC_STRINGS = YES;
				SWIFT_UPCOMING_FEATURE_MEMBER_IMPORT_VISIBILITY = YES;
				SWIFT_VERSION = 5.0;
				TARGETED_DEVICE_FAMILY = 1;
			};
			name = Release;
		};
		B350B74C2E45D78C009A6C78 /* Debug */ = {
			isa = XCBuildConfiguration;
			buildSettings = {
				ALWAYS_SEARCH_USER_PATHS = NO;
				ASSETCATALOG_COMPILER_GENERATE_SWIFT_ASSET_SYMBOL_EXTENSIONS = YES;
				CLANG_ANALYZER_NONNULL = YES;
				CLANG_ANALYZER_NUMBER_OBJECT_CONVERSION = YES_AGGRESSIVE;
				CLANG_CXX_LANGUAGE_STANDARD = "gnu++20";
				CLANG_ENABLE_MODULES = YES;
				CLANG_ENABLE_OBJC_ARC = YES;
				CLANG_ENABLE_OBJC_WEAK = YES;
				CLANG_WARN_BLOCK_CAPTURE_AUTORELEASING = YES;
				CLANG_WARN_BOOL_CONVERSION = YES;
				CLANG_WARN_COMMA = YES;
				CLANG_WARN_CONSTANT_CONVERSION = YES;
				CLANG_WARN_DEPRECATED_OBJC_IMPLEMENTATIONS = YES;
				CLANG_WARN_DIRECT_OBJC_ISA_USAGE = YES_ERROR;
				CLANG_WARN_DOCUMENTATION_COMMENTS = YES;
				CLANG_WARN_EMPTY_BODY = YES;
				CLANG_WARN_ENUM_CONVERSION = YES;
				CLANG_WARN_INFINITE_RECURSION = YES;
				CLANG_WARN_INT_CONVERSION = YES;
				CLANG_WARN_NON_LITERAL_NULL_CONVERSION = YES;
				CLANG_WARN_OBJC_IMPLICIT_RETAIN_SELF = YES;
				CLANG_WARN_OBJC_LITERAL_CONVERSION = YES;
				CLANG_WARN_OBJC_ROOT_CLASS = YES_ERROR;
				CLANG_WARN_QUOTED_INCLUDE_IN_FRAMEWORK_HEADER = YES;
				CLANG_WARN_RANGE_LOOP_ANALYSIS = YES;
				CLANG_WARN_STRICT_PROTOTYPES = YES;
				CLANG_WARN_SUSPICIOUS_MOVE = YES;
				CLANG_WARN_UNGUARDED_AVAILABILITY = YES_AGGRESSIVE;
				CLANG_WARN_UNREACHABLE_CODE = YES;
				CLANG_WARN__DUPLICATE_METHOD_MATCH = YES;
				COPY_PHASE_STRIP = NO;
				DEBUG_INFORMATION_FORMAT = dwarf;
				DEVELOPMENT_TEAM = LSMXA794RP;
				ENABLE_STRICT_OBJC_MSGSEND = YES;
				ENABLE_TESTABILITY = YES;
				ENABLE_USER_SCRIPT_SANDBOXING = YES;
				GCC_C_LANGUAGE_STANDARD = gnu17;
				GCC_DYNAMIC_NO_PIC = NO;
				GCC_NO_COMMON_BLOCKS = YES;
				GCC_OPTIMIZATION_LEVEL = s;
				GCC_PREPROCESSOR_DEFINITIONS = (
					"DEBUG=1",
					"$(inherited)",
				);
				GCC_WARN_64_TO_32_BIT_CONVERSION = YES;
				GCC_WARN_ABOUT_RETURN_TYPE = YES_ERROR;
				GCC_WARN_UNDECLARED_SELECTOR = YES;
				GCC_WARN_UNINITIALIZED_AUTOS = YES_AGGRESSIVE;
				GCC_WARN_UNUSED_FUNCTION = YES;
				GCC_WARN_UNUSED_VARIABLE = YES;
				IPHONEOS_DEPLOYMENT_TARGET = 17.0;
				LOCALIZATION_PREFERS_STRING_CATALOGS = YES;
				MTL_ENABLE_DEBUG_INFO = INCLUDE_SOURCE;
				MTL_FAST_MATH = YES;
				ONLY_ACTIVE_ARCH = YES;
				SDKROOT = iphoneos;
				SWIFT_ACTIVE_COMPILATION_CONDITIONS = "DEBUG $(inherited)";
				SWIFT_OPTIMIZATION_LEVEL = "-Onone";
				VALIDATE_PRODUCT = YES;
			};
			name = Debug;
		};
		B350B74D2E45D78C009A6C78 /* Release */ = {
			isa = XCBuildConfiguration;
			buildSettings = {
				ALWAYS_SEARCH_USER_PATHS = NO;
				ASSETCATALOG_COMPILER_GENERATE_SWIFT_ASSET_SYMBOL_EXTENSIONS = YES;
				CLANG_ANALYZER_NONNULL = YES;
				CLANG_ANALYZER_NUMBER_OBJECT_CONVERSION = YES_AGGRESSIVE;
				CLANG_CXX_LANGUAGE_STANDARD = "gnu++20";
				CLANG_ENABLE_MODULES = YES;
				CLANG_ENABLE_OBJC_ARC = YES;
				CLANG_ENABLE_OBJC_WEAK = YES;
				CLANG_WARN_BLOCK_CAPTURE_AUTORELEASING = YES;
				CLANG_WARN_BOOL_CONVERSION = YES;
				CLANG_WARN_COMMA = YES;
				CLANG_WARN_CONSTANT_CONVERSION = YES;
				CLANG_WARN_DEPRECATED_OBJC_IMPLEMENTATIONS = YES;
				CLANG_WARN_DIRECT_OBJC_ISA_USAGE = YES_ERROR;
				CLANG_WARN_DOCUMENTATION_COMMENTS = YES;
				CLANG_WARN_EMPTY_BODY = YES;
				CLANG_WARN_ENUM_CONVERSION = YES;
				CLANG_WARN_INFINITE_RECURSION = YES;
				CLANG_WARN_INT_CONVERSION = YES;
				CLANG_WARN_NON_LITERAL_NULL_CONVERSION = YES;
				CLANG_WARN_OBJC_IMPLICIT_RETAIN_SELF = YES;
				CLANG_WARN_OBJC_LITERAL_CONVERSION = YES;
				CLANG_WARN_OBJC_ROOT_CLASS = YES_ERROR;
				CLANG_WARN_QUOTED_INCLUDE_IN_FRAMEWORK_HEADER = YES;
				CLANG_WARN_RANGE_LOOP_ANALYSIS = YES;
				CLANG_WARN_STRICT_PROTOTYPES = YES;
				CLANG_WARN_SUSPICIOUS_MOVE = YES;
				CLANG_WARN_UNGUARDED_AVAILABILITY = YES_AGGRESSIVE;
				CLANG_WARN_UNREACHABLE_CODE = YES;
				CLANG_WARN__DUPLICATE_METHOD_MATCH = YES;
				COPY_PHASE_STRIP = NO;
				DEBUG_INFORMATION_FORMAT = "dwarf-with-dsym";
				DEPLOYMENT_POSTPROCESSING = YES;
				DEVELOPMENT_TEAM = LSMXA794RP;
				ENABLE_NS_ASSERTIONS = NO;
				ENABLE_STRICT_OBJC_MSGSEND = YES;
				ENABLE_USER_SCRIPT_SANDBOXING = YES;
				GCC_C_LANGUAGE_STANDARD = gnu17;
				GCC_NO_COMMON_BLOCKS = YES;
				GCC_WARN_64_TO_32_BIT_CONVERSION = YES;
				GCC_WARN_ABOUT_RETURN_TYPE = YES_ERROR;
				GCC_WARN_UNDECLARED_SELECTOR = YES;
				GCC_WARN_UNINITIALIZED_AUTOS = YES_AGGRESSIVE;
				GCC_WARN_UNUSED_FUNCTION = YES;
				GCC_WARN_UNUSED_VARIABLE = YES;
				IPHONEOS_DEPLOYMENT_TARGET = 17.0;
				LOCALIZATION_PREFERS_STRING_CATALOGS = YES;
				MTL_ENABLE_DEBUG_INFO = NO;
				MTL_FAST_MATH = YES;
				SDKROOT = iphoneos;
				SEPARATE_STRIP = YES;
				STRIP_INSTALLED_PRODUCT = YES;
				SWIFT_COMPILATION_MODE = wholemodule;
				VALIDATE_PRODUCT = YES;
			};
			name = Release;
		};
		B350B74F2E45D78C009A6C78 /* Debug */ = {
			isa = XCBuildConfiguration;
			buildSettings = {
				BUNDLE_LOADER = "$(TEST_HOST)";
				CODE_SIGN_STYLE = Automatic;
				CURRENT_PROJECT_VERSION = 10;
				DEVELOPMENT_TEAM = LSMXA794RP;
				GENERATE_INFOPLIST_FILE = YES;
				IPHONEOS_DEPLOYMENT_TARGET = 17.0;
				MARKETING_VERSION = 2025.08.31;
				PRODUCT_BUNDLE_IDENTIFIER = ai.bananaintelligence.DayStartTests;
				PRODUCT_NAME = "$(TARGET_NAME)";
				STRING_CATALOG_GENERATE_SYMBOLS = NO;
				SWIFT_APPROACHABLE_CONCURRENCY = YES;
				SWIFT_EMIT_LOC_STRINGS = NO;
				SWIFT_UPCOMING_FEATURE_MEMBER_IMPORT_VISIBILITY = YES;
				SWIFT_VERSION = 5.0;
				TARGETED_DEVICE_FAMILY = 1;
				TEST_HOST = "$(BUILT_PRODUCTS_DIR)/DayStart.app/$(BUNDLE_EXECUTABLE_FOLDER_PATH)/DayStart";
			};
			name = Debug;
		};
		B350B7502E45D78C009A6C78 /* Release */ = {
			isa = XCBuildConfiguration;
			buildSettings = {
				BUNDLE_LOADER = "$(TEST_HOST)";
				CODE_SIGN_STYLE = Automatic;
				CURRENT_PROJECT_VERSION = 10;
				DEVELOPMENT_TEAM = LSMXA794RP;
				GENERATE_INFOPLIST_FILE = YES;
				IPHONEOS_DEPLOYMENT_TARGET = 17.0;
				MARKETING_VERSION = 2025.08.31;
				PRODUCT_BUNDLE_IDENTIFIER = ai.bananaintelligence.DayStartTests;
				PRODUCT_NAME = "$(TARGET_NAME)";
				STRING_CATALOG_GENERATE_SYMBOLS = NO;
				SWIFT_APPROACHABLE_CONCURRENCY = YES;
				SWIFT_EMIT_LOC_STRINGS = NO;
				SWIFT_UPCOMING_FEATURE_MEMBER_IMPORT_VISIBILITY = YES;
				SWIFT_VERSION = 5.0;
				TARGETED_DEVICE_FAMILY = 1;
				TEST_HOST = "$(BUILT_PRODUCTS_DIR)/DayStart.app/$(BUNDLE_EXECUTABLE_FOLDER_PATH)/DayStart";
			};
			name = Release;
		};
		B350B7522E45D78C009A6C78 /* Debug */ = {
			isa = XCBuildConfiguration;
			buildSettings = {
				CODE_SIGN_STYLE = Automatic;
				CURRENT_PROJECT_VERSION = 10;
				DEVELOPMENT_TEAM = LSMXA794RP;
				GENERATE_INFOPLIST_FILE = YES;
				MARKETING_VERSION = 2025.08.31;
				PRODUCT_BUNDLE_IDENTIFIER = ai.bananaintelligence.DayStartUITests;
				PRODUCT_NAME = "$(TARGET_NAME)";
				STRING_CATALOG_GENERATE_SYMBOLS = NO;
				SWIFT_APPROACHABLE_CONCURRENCY = YES;
				SWIFT_EMIT_LOC_STRINGS = NO;
				SWIFT_UPCOMING_FEATURE_MEMBER_IMPORT_VISIBILITY = YES;
				SWIFT_VERSION = 5.0;
				TARGETED_DEVICE_FAMILY = 1;
				TEST_TARGET_NAME = DayStart;
			};
			name = Debug;
		};
		B350B7532E45D78C009A6C78 /* Release */ = {
			isa = XCBuildConfiguration;
			buildSettings = {
				CODE_SIGN_STYLE = Automatic;
				CURRENT_PROJECT_VERSION = 10;
				DEVELOPMENT_TEAM = LSMXA794RP;
				GENERATE_INFOPLIST_FILE = YES;
				MARKETING_VERSION = 2025.08.31;
				PRODUCT_BUNDLE_IDENTIFIER = ai.bananaintelligence.DayStartUITests;
				PRODUCT_NAME = "$(TARGET_NAME)";
				STRING_CATALOG_GENERATE_SYMBOLS = NO;
				SWIFT_APPROACHABLE_CONCURRENCY = YES;
				SWIFT_EMIT_LOC_STRINGS = NO;
				SWIFT_UPCOMING_FEATURE_MEMBER_IMPORT_VISIBILITY = YES;
				SWIFT_VERSION = 5.0;
				TARGETED_DEVICE_FAMILY = 1;
				TEST_TARGET_NAME = DayStart;
			};
			name = Release;
		};
/* End XCBuildConfiguration section */

/* Begin XCConfigurationList section */
		B350B71D2E45D78B009A6C78 /* Build configuration list for PBXProject "DayStart" */ = {
			isa = XCConfigurationList;
			buildConfigurations = (
				B350B74C2E45D78C009A6C78 /* Debug */,
				B350B74D2E45D78C009A6C78 /* Release */,
			);
			defaultConfigurationIsVisible = 0;
			defaultConfigurationName = Debug;
		};
		B350B7492E45D78C009A6C78 /* Build configuration list for PBXNativeTarget "DayStart" */ = {
			isa = XCConfigurationList;
			buildConfigurations = (
				B350B74A2E45D78C009A6C78 /* Debug */,
				B350B74B2E45D78C009A6C78 /* Release */,
			);
			defaultConfigurationIsVisible = 0;
			defaultConfigurationName = Debug;
		};
		B350B74E2E45D78C009A6C78 /* Build configuration list for PBXNativeTarget "DayStartTests" */ = {
			isa = XCConfigurationList;
			buildConfigurations = (
				B350B74F2E45D78C009A6C78 /* Debug */,
				B350B7502E45D78C009A6C78 /* Release */,
			);
			defaultConfigurationIsVisible = 0;
			defaultConfigurationName = Debug;
		};
		B350B7512E45D78C009A6C78 /* Build configuration list for PBXNativeTarget "DayStartUITests" */ = {
			isa = XCConfigurationList;
			buildConfigurations = (
				B350B7522E45D78C009A6C78 /* Debug */,
				B350B7532E45D78C009A6C78 /* Release */,
			);
			defaultConfigurationIsVisible = 0;
			defaultConfigurationName = Debug;
		};
/* End XCConfigurationList section */

/* Begin XCRemoteSwiftPackageReference section */
		B34BF6A32E56CD4000D23C40 /* XCRemoteSwiftPackageReference "supabase-swift" */ = {
			isa = XCRemoteSwiftPackageReference;
			repositoryURL = "https://github.com/supabase/supabase-swift.git";
			requirement = {
				kind = upToNextMajorVersion;
				minimumVersion = 2.5.1;
			};
		};
/* End XCRemoteSwiftPackageReference section */

/* Begin XCSwiftPackageProductDependency section */
		B34BF6A42E56CD4000D23C40 /* Auth */ = {
			isa = XCSwiftPackageProductDependency;
			package = B34BF6A32E56CD4000D23C40 /* XCRemoteSwiftPackageReference "supabase-swift" */;
			productName = Auth;
		};
		B34BF6A62E56CD4000D23C40 /* Functions */ = {
			isa = XCSwiftPackageProductDependency;
			package = B34BF6A32E56CD4000D23C40 /* XCRemoteSwiftPackageReference "supabase-swift" */;
			productName = Functions;
		};
		B34BF6A82E56CD4000D23C40 /* PostgREST */ = {
			isa = XCSwiftPackageProductDependency;
			package = B34BF6A32E56CD4000D23C40 /* XCRemoteSwiftPackageReference "supabase-swift" */;
			productName = PostgREST;
		};
		B34BF6AA2E56CD4000D23C40 /* Realtime */ = {
			isa = XCSwiftPackageProductDependency;
			package = B34BF6A32E56CD4000D23C40 /* XCRemoteSwiftPackageReference "supabase-swift" */;
			productName = Realtime;
		};
		B34BF6AC2E56CD4000D23C40 /* Storage */ = {
			isa = XCSwiftPackageProductDependency;
			package = B34BF6A32E56CD4000D23C40 /* XCRemoteSwiftPackageReference "supabase-swift" */;
			productName = Storage;
		};
		B34BF6AE2E56CD4000D23C40 /* Supabase */ = {
			isa = XCSwiftPackageProductDependency;
			package = B34BF6A32E56CD4000D23C40 /* XCRemoteSwiftPackageReference "supabase-swift" */;
			productName = Supabase;
		};
/* End XCSwiftPackageProductDependency section */
	};
	rootObject = B350B71A2E45D78B009A6C78 /* Project object */;
}
